
Microsoft Visual Studio Solution File, Format Version 12.00
# Visual Studio Version 17
VisualStudioVersion = 17.8.34330.188
MinimumVisualStudioVersion = 10.0.40219.1
Project("{9A19103F-16F7-4668-BE54-9A1E7A4F7556}") = "CalculatorApp", "CalculatorApp\CalculatorApp.csproj", "{0244796D-B2E6-4A8A-879C-DEBA224E5C72}"
EndProject
Project("{FAE04EC0-301F-11D3-BF4B-00C04F79EFBC}") = "CalculatorTests", "CalculatorTests\CalculatorTests.csproj", "{883A3641-A755-476D-9C52-79CE12748B2E}"
EndProject
Global
	GlobalSection(SolutionConfigurationPlatforms) = preSolution
		Debug|Any CPU = Debug|Any CPU
		Release|Any CPU = Release|Any CPU
	EndGlobalSection
	GlobalSection(ProjectConfigurationPlatforms) = postSolution
		{0244796D-B2E6-4A8A-879C-DEBA224E5C72}.Debug|Any CPU.ActiveCfg = Debug|Any CPU
		{0244796D-B2E6-4A8A-879C-DEBA224E5C72}.Debug|Any CPU.Build.0 = Debug|Any CPU
		{0244796D-B2E6-4A8A-879C-DEBA224E5C72}.Release|Any CPU.ActiveCfg = Release|Any CPU
		{0244796D-B2E6-4A8A-879C-DEBA224E5C72}.Release|Any CPU.Build.0 = Release|Any CPU
		{883A3641-A755-476D-9C52-79CE12748B2E}.Debug|Any CPU.ActiveCfg = Debug|Any CPU
		{883A3641-A755-476D-9C52-79CE12748B2E}.Debug|Any CPU.Build.0 = Debug|Any CPU
		{883A3641-A755-476D-9C52-79CE12748B2E}.Release|Any CPU.ActiveCfg = Release|Any CPU
		{883A3641-A755-476D-9C52-79CE12748B2E}.Release|Any CPU.Build.0 = Release|Any CPU
	EndGlobalSection
	GlobalSection(SolutionProperties) = preSolution
		HideSolutionNode = FALSE
	EndGlobalSection
	GlobalSection(ExtensibilityGlobals) = postSolution
		SolutionGuid = {8F404070-25E2-4714-B6F8-B982C3A19088}
	EndGlobalSection
EndGlobal
